
Microsoft Visual Studio Solution File, Format Version 12.00
# Visual Studio Version 17
VisualStudioVersion = 17.14.36121.58 d17.14
MinimumVisualStudioVersion = 10.0.40219.1
Project("{FAE04EC0-301F-11D3-BF4B-00C04F79EFBC}") = "BloodDonationSystem", "BloodDonationSystemSolution\BloodDonationSystem.csproj", "{1B02937A-3F7D-4223-A597-10162422A467}"
EndProject
Project("{FAE04EC0-301F-11D3-BF4B-00C04F79EFBC}") = "BloodDonationSystem.Tests", "BloodDonationSystem.Tests\BloodDonationSystem.Tests.csproj", "{15E2FEE4-A6D2-41B1-9F69-3DA41278C83A}"
EndProject
Global
	GlobalSection(SolutionConfigurationPlatforms) = preSolution
		Debug|Any CPU = Debug|Any CPU
		Release|Any CPU = Release|Any CPU
	EndGlobalSection
	GlobalSection(ProjectConfigurationPlatforms) = postSolution
		{1B02937A-3F7D-4223-A597-10162422A467}.Debug|Any CPU.ActiveCfg = Debug|Any CPU
		{1B02937A-3F7D-4223-A597-10162422A467}.Debug|Any CPU.Build.0 = Debug|Any CPU
		{1B02937A-3F7D-4223-A597-10162422A467}.Release|Any CPU.ActiveCfg = Release|Any CPU
		{1B02937A-3F7D-4223-A597-10162422A467}.Release|Any CPU.Build.0 = Release|Any CPU
		{15E2FEE4-A6D2-41B1-9F69-3DA41278C83A}.Debug|Any CPU.ActiveCfg = Debug|Any CPU
		{15E2FEE4-A6D2-41B1-9F69-3DA41278C83A}.Debug|Any CPU.Build.0 = Debug|Any CPU
		{15E2FEE4-A6D2-41B1-9F69-3DA41278C83A}.Release|Any CPU.ActiveCfg = Release|Any CPU
		{15E2FEE4-A6D2-41B1-9F69-3DA41278C83A}.Release|Any CPU.Build.0 = Release|Any CPU
	EndGlobalSection
	GlobalSection(SolutionProperties) = preSolution
		HideSolutionNode = FALSE
	EndGlobalSection
	GlobalSection(ExtensibilityGlobals) = postSolution
		SolutionGuid = {8E4938DB-073F-43C9-AC81-8A8C0E28DC8A}
	EndGlobalSection
EndGlobal
