
Microsoft Visual Studio Solution File, Format Version 12.00
# Visual Studio Version 17
VisualStudioVersion = 17.13.35931.197
MinimumVisualStudioVersion = 10.0.40219.1
Project("{FAE04EC0-301F-11D3-BF4B-00C04F79EFBC}") = "First_Porject", "First_Porject\First_Porject.csproj", "{B336A58F-400D-4716-8671-21C6CFC96C19}"
EndProject
Project("{FAE04EC0-301F-11D3-BF4B-00C04F79EFBC}") = "Second_Project", "Second_Project\Second_Project.csproj", "{7ABB8A07-50FF-4B94-9299-BB150A4BADDF}"
EndProject
Project("{FAE04EC0-301F-11D3-BF4B-00C04F79EFBC}") = "First_Degree", "First_Degree\First_Degree.csproj", "{0BA5BF4E-AF7E-4F90-BF3F-D1E264259852}"
EndProject
Project("{FAE04EC0-301F-11D3-BF4B-00C04F79EFBC}") = "PT_bac2", "PT_bac2\PT_bac2.csproj", "{522DA836-708F-4190-BF40-C0F0F19F8F3A}"
EndProject
Project("{FAE04EC0-301F-11D3-BF4B-00C04F79EFBC}") = "String_Interaction", "String_Interaction\String_Interaction.csproj", "{BBF16D10-E465-4C4C-917F-7C2E025BA720}"
EndProject
Project("{FAE04EC0-301F-11D3-BF4B-00C04F79EFBC}") = "Simple_Map", "Simple_Map\Simple_Map.csproj", "{6590F2A5-D046-4A29-BC1A-367A4EED14F3}"
EndProject
Project("{FAE04EC0-301F-11D3-BF4B-00C04F79EFBC}") = "ref_out_sample", "ref_out_sample\ref_out_sample.csproj", "{7304EF90-8B54-4787-81BE-753293AF0C33}"
EndProject
Project("{FAE04EC0-301F-11D3-BF4B-00C04F79EFBC}") = "TryPart_Sample", "TryPart_Sample\TryPart_Sample.csproj", "{0B949162-79FC-42EB-AC77-108D0658B7A3}"
EndProject
Project("{FAE04EC0-301F-11D3-BF4B-00C04F79EFBC}") = "param_sample", "param_sample\param_sample.csproj", "{C65E0971-BEDF-41EF-8B8F-48AE5EB5C27B}"
EndProject
Project("{FAE04EC0-301F-11D3-BF4B-00C04F79EFBC}") = "tuples_sample", "tuples_sample\tuples_sample.csproj", "{B0BB0E76-CC86-46B5-BE5F-956D38AA5FCC}"
EndProject
Project("{FAE04EC0-301F-11D3-BF4B-00C04F79EFBC}") = "NestedLoop_Sapxep", "NestedLoop_Sapxep\NestedLoop_Sapxep.csproj", "{FB0DD917-8D08-4E32-BB0D-C1FC10798F7D}"
EndProject
Project("{FAE04EC0-301F-11D3-BF4B-00C04F79EFBC}") = "nestedLoop_vehinh", "nestedLoop_vehinh\nestedLoop_vehinh.csproj", "{CBD00105-EBCF-4AD0-BB48-77DCB4B1A040}"
EndProject
Project("{FAE04EC0-301F-11D3-BF4B-00C04F79EFBC}") = "OOP_1", "OOP_1\OOP_1.csproj", "{2EFB5318-F919-4AF8-BB54-A16D244AE084}"
EndProject
Project("{FAE04EC0-301F-11D3-BF4B-00C04F79EFBC}") = "OOP_2", "OOP_2\OOP_2.csproj", "{6397D566-BC41-414A-BD11-38A0DCE414F8}"
EndProject
Project("{FAE04EC0-301F-11D3-BF4B-00C04F79EFBC}") = "OOP_3_ExtensionMethod", "OOP_3_ExtensionMethod\OOP_3_ExtensionMethod.csproj", "{9DB36719-AA0B-44A1-A3E4-8BB196E82960}"
EndProject
Project("{FAE04EC0-301F-11D3-BF4B-00C04F79EFBC}") = "OOP_4_Ruse_OO2", "OOP_4_Ruse_OO2\OOP_4_Ruse_OO2.csproj", "{3F013F27-059B-4D4B-8C37-945B62D5A02D}"
EndProject
Project("{FAE04EC0-301F-11D3-BF4B-00C04F79EFBC}") = "OOP_6_Dictionary", "OOP_6_Dictionary\OOP_6_Dictionary.csproj", "{B3370E49-A791-42A0-9143-B00B02DBE067}"
EndProject
Project("{2150E333-8FDC-42A3-9474-1A3956D46DE8}") = "chapter5", "chapter5", "{02EA681E-C7D8-13C7-8484-4AC65E1B71E8}"
EndProject
Project("{FAE04EC0-301F-11D3-BF4B-00C04F79EFBC}") = "BuilderPattern", "BuilderPattern\BuilderPattern.csproj", "{044DE341-433F-5702-4D82-2BB3FD3832E3}"
EndProject
Project("{FAE04EC0-301F-11D3-BF4B-00C04F79EFBC}") = "FactoriesPattern", "FactoriesPattern\FactoriesPattern.csproj", "{15ADFCBE-9B56-7B0A-7AE5-771D29B1F4C9}"
EndProject
Project("{FAE04EC0-301F-11D3-BF4B-00C04F79EFBC}") = "ObserverPattern", "ObserverPattern\ObserverPattern.csproj", "{FEBF851F-917B-C45E-D2B8-7873FE9FDB40}"
EndProject
Project("{FAE04EC0-301F-11D3-BF4B-00C04F79EFBC}") = "PrototypePattern", "PrototypePattern\PrototypePattern.csproj", "{92C92FD4-253A-352A-CA1D-8ACA5E5F3868}"
EndProject
Project("{FAE04EC0-301F-11D3-BF4B-00C04F79EFBC}") = "SingletonPattern", "SingletonPattern\SingletonPattern.csproj", "{FABC0CC8-7E79-3D9B-8D56-17C4207BB104}"
EndProject
Project("{FAE04EC0-301F-11D3-BF4B-00C04F79EFBC}") = "DemoAliasClone", "DemoAliasClone\DemoAliasClone.csproj", "{FD85E73E-F4B2-4FC9-AC68-688320DA0FBE}"
EndProject
Project("{2150E333-8FDC-42A3-9474-1A3956D46DE8}") = "chapter6", "chapter6", "{7E7C32F4-96B3-4FB0-B06A-9D83F7170EF4}"
EndProject
Project("{FAE04EC0-301F-11D3-BF4B-00C04F79EFBC}") = "Demo_Delegate", "Demo_Delegate\Demo_Delegate.csproj", "{023F5DDF-D9C9-4CD2-BB45-724B7704CCE9}"
EndProject
Project("{FAE04EC0-301F-11D3-BF4B-00C04F79EFBC}") = "Demo_LINQ-TO_Object", "Demo_LINQ-TO_Object\Demo_LINQ-TO_Object.csproj", "{6E56D343-607E-4972-ACA8-408994F3AA5D}"
EndProject
Project("{FAE04EC0-301F-11D3-BF4B-00C04F79EFBC}") = "Demo_LINQ-TO_Object02_Model_class", "Demo_LINQ-TO_Object02_Model_class\Demo_LINQ-TO_Object02_Model_class.csproj", "{853A22B8-9383-4088-B598-773B90428B63}"
EndProject
Project("{FAE04EC0-301F-11D3-BF4B-00C04F79EFBC}") = "DEMOLinQToSQL_", "DEMOLinQToSQL_\DEMOLinQToSQL_.csproj", "{9FC5DEE5-2FF0-4C3D-8DCA-B50CB8C92022}"
EndProject
Project("{FAE04EC0-301F-11D3-BF4B-00C04F79EFBC}") = "Lucy_SalesData_Management", "Lucy_SalesData_Management\Lucy_SalesData_Management.csproj", "{DE7663AC-F8F4-42CD-99E5-27C0A14C4AFA}"
EndProject
Project("{2150E333-8FDC-42A3-9474-1A3956D46DE8}") = "Chappter7", "Chappter7", "{B54D4669-48F4-4F73-B8BB-3710578E2076}"
EndProject
Project("{FAE04EC0-301F-11D3-BF4B-00C04F79EFBC}") = "HelloWPFApp", "HelloWPFApp\HelloWPFApp.csproj", "{60A9FBFE-0731-4218-86F1-4B35EA166853}"
EndProject
Project("{FAE04EC0-301F-11D3-BF4B-00C04F79EFBC}") = "ButtonControl_TongHop", "ControlCoBan1\ButtonControl_TongHop.csproj", "{AC78D17E-0894-424E-B31B-55F110EB68BE}"
EndProject
Project("{FAE04EC0-301F-11D3-BF4B-00C04F79EFBC}") = "ControlCoBan02", "ControlCoBan02\ControlCoBan02.csproj", "{0BB9F96B-CA3D-434C-ACAD-23ADA3224C7B}"
EndProject
Global
	GlobalSection(SolutionConfigurationPlatforms) = preSolution
		Debug|Any CPU = Debug|Any CPU
		Release|Any CPU = Release|Any CPU
	EndGlobalSection
	GlobalSection(ProjectConfigurationPlatforms) = postSolution
		{B336A58F-400D-4716-8671-21C6CFC96C19}.Debug|Any CPU.ActiveCfg = Debug|Any CPU
		{B336A58F-400D-4716-8671-21C6CFC96C19}.Debug|Any CPU.Build.0 = Debug|Any CPU
		{B336A58F-400D-4716-8671-21C6CFC96C19}.Release|Any CPU.ActiveCfg = Release|Any CPU
		{B336A58F-400D-4716-8671-21C6CFC96C19}.Release|Any CPU.Build.0 = Release|Any CPU
		{7ABB8A07-50FF-4B94-9299-BB150A4BADDF}.Debug|Any CPU.ActiveCfg = Debug|Any CPU
		{7ABB8A07-50FF-4B94-9299-BB150A4BADDF}.Debug|Any CPU.Build.0 = Debug|Any CPU
		{7ABB8A07-50FF-4B94-9299-BB150A4BADDF}.Release|Any CPU.ActiveCfg = Release|Any CPU
		{7ABB8A07-50FF-4B94-9299-BB150A4BADDF}.Release|Any CPU.Build.0 = Release|Any CPU
		{0BA5BF4E-AF7E-4F90-BF3F-D1E264259852}.Debug|Any CPU.ActiveCfg = Debug|Any CPU
		{0BA5BF4E-AF7E-4F90-BF3F-D1E264259852}.Debug|Any CPU.Build.0 = Debug|Any CPU
		{0BA5BF4E-AF7E-4F90-BF3F-D1E264259852}.Release|Any CPU.ActiveCfg = Release|Any CPU
		{0BA5BF4E-AF7E-4F90-BF3F-D1E264259852}.Release|Any CPU.Build.0 = Release|Any CPU
		{522DA836-708F-4190-BF40-C0F0F19F8F3A}.Debug|Any CPU.ActiveCfg = Debug|Any CPU
		{522DA836-708F-4190-BF40-C0F0F19F8F3A}.Debug|Any CPU.Build.0 = Debug|Any CPU
		{522DA836-708F-4190-BF40-C0F0F19F8F3A}.Release|Any CPU.ActiveCfg = Release|Any CPU
		{522DA836-708F-4190-BF40-C0F0F19F8F3A}.Release|Any CPU.Build.0 = Release|Any CPU
		{BBF16D10-E465-4C4C-917F-7C2E025BA720}.Debug|Any CPU.ActiveCfg = Debug|Any CPU
		{BBF16D10-E465-4C4C-917F-7C2E025BA720}.Debug|Any CPU.Build.0 = Debug|Any CPU
		{BBF16D10-E465-4C4C-917F-7C2E025BA720}.Release|Any CPU.ActiveCfg = Release|Any CPU
		{BBF16D10-E465-4C4C-917F-7C2E025BA720}.Release|Any CPU.Build.0 = Release|Any CPU
		{6590F2A5-D046-4A29-BC1A-367A4EED14F3}.Debug|Any CPU.ActiveCfg = Debug|Any CPU
		{6590F2A5-D046-4A29-BC1A-367A4EED14F3}.Debug|Any CPU.Build.0 = Debug|Any CPU
		{6590F2A5-D046-4A29-BC1A-367A4EED14F3}.Release|Any CPU.ActiveCfg = Release|Any CPU
		{6590F2A5-D046-4A29-BC1A-367A4EED14F3}.Release|Any CPU.Build.0 = Release|Any CPU
		{7304EF90-8B54-4787-81BE-753293AF0C33}.Debug|Any CPU.ActiveCfg = Debug|Any CPU
		{7304EF90-8B54-4787-81BE-753293AF0C33}.Debug|Any CPU.Build.0 = Debug|Any CPU
		{7304EF90-8B54-4787-81BE-753293AF0C33}.Release|Any CPU.ActiveCfg = Release|Any CPU
		{7304EF90-8B54-4787-81BE-753293AF0C33}.Release|Any CPU.Build.0 = Release|Any CPU
		{0B949162-79FC-42EB-AC77-108D0658B7A3}.Debug|Any CPU.ActiveCfg = Debug|Any CPU
		{0B949162-79FC-42EB-AC77-108D0658B7A3}.Debug|Any CPU.Build.0 = Debug|Any CPU
		{0B949162-79FC-42EB-AC77-108D0658B7A3}.Release|Any CPU.ActiveCfg = Release|Any CPU
		{0B949162-79FC-42EB-AC77-108D0658B7A3}.Release|Any CPU.Build.0 = Release|Any CPU
		{C65E0971-BEDF-41EF-8B8F-48AE5EB5C27B}.Debug|Any CPU.ActiveCfg = Debug|Any CPU
		{C65E0971-BEDF-41EF-8B8F-48AE5EB5C27B}.Debug|Any CPU.Build.0 = Debug|Any CPU
		{C65E0971-BEDF-41EF-8B8F-48AE5EB5C27B}.Release|Any CPU.ActiveCfg = Release|Any CPU
		{C65E0971-BEDF-41EF-8B8F-48AE5EB5C27B}.Release|Any CPU.Build.0 = Release|Any CPU
		{B0BB0E76-CC86-46B5-BE5F-956D38AA5FCC}.Debug|Any CPU.ActiveCfg = Debug|Any CPU
		{B0BB0E76-CC86-46B5-BE5F-956D38AA5FCC}.Debug|Any CPU.Build.0 = Debug|Any CPU
		{B0BB0E76-CC86-46B5-BE5F-956D38AA5FCC}.Release|Any CPU.ActiveCfg = Release|Any CPU
		{B0BB0E76-CC86-46B5-BE5F-956D38AA5FCC}.Release|Any CPU.Build.0 = Release|Any CPU
		{FB0DD917-8D08-4E32-BB0D-C1FC10798F7D}.Debug|Any CPU.ActiveCfg = Debug|Any CPU
		{FB0DD917-8D08-4E32-BB0D-C1FC10798F7D}.Debug|Any CPU.Build.0 = Debug|Any CPU
		{FB0DD917-8D08-4E32-BB0D-C1FC10798F7D}.Release|Any CPU.ActiveCfg = Release|Any CPU
		{FB0DD917-8D08-4E32-BB0D-C1FC10798F7D}.Release|Any CPU.Build.0 = Release|Any CPU
		{CBD00105-EBCF-4AD0-BB48-77DCB4B1A040}.Debug|Any CPU.ActiveCfg = Debug|Any CPU
		{CBD00105-EBCF-4AD0-BB48-77DCB4B1A040}.Debug|Any CPU.Build.0 = Debug|Any CPU
		{CBD00105-EBCF-4AD0-BB48-77DCB4B1A040}.Release|Any CPU.ActiveCfg = Release|Any CPU
		{CBD00105-EBCF-4AD0-BB48-77DCB4B1A040}.Release|Any CPU.Build.0 = Release|Any CPU
		{2EFB5318-F919-4AF8-BB54-A16D244AE084}.Debug|Any CPU.ActiveCfg = Debug|Any CPU
		{2EFB5318-F919-4AF8-BB54-A16D244AE084}.Debug|Any CPU.Build.0 = Debug|Any CPU
		{2EFB5318-F919-4AF8-BB54-A16D244AE084}.Release|Any CPU.ActiveCfg = Release|Any CPU
		{2EFB5318-F919-4AF8-BB54-A16D244AE084}.Release|Any CPU.Build.0 = Release|Any CPU
		{6397D566-BC41-414A-BD11-38A0DCE414F8}.Debug|Any CPU.ActiveCfg = Debug|Any CPU
		{6397D566-BC41-414A-BD11-38A0DCE414F8}.Debug|Any CPU.Build.0 = Debug|Any CPU
		{6397D566-BC41-414A-BD11-38A0DCE414F8}.Release|Any CPU.ActiveCfg = Release|Any CPU
		{6397D566-BC41-414A-BD11-38A0DCE414F8}.Release|Any CPU.Build.0 = Release|Any CPU
		{9DB36719-AA0B-44A1-A3E4-8BB196E82960}.Debug|Any CPU.ActiveCfg = Debug|Any CPU
		{9DB36719-AA0B-44A1-A3E4-8BB196E82960}.Debug|Any CPU.Build.0 = Debug|Any CPU
		{9DB36719-AA0B-44A1-A3E4-8BB196E82960}.Release|Any CPU.ActiveCfg = Release|Any CPU
		{9DB36719-AA0B-44A1-A3E4-8BB196E82960}.Release|Any CPU.Build.0 = Release|Any CPU
		{3F013F27-059B-4D4B-8C37-945B62D5A02D}.Debug|Any CPU.ActiveCfg = Debug|Any CPU
		{3F013F27-059B-4D4B-8C37-945B62D5A02D}.Debug|Any CPU.Build.0 = Debug|Any CPU
		{3F013F27-059B-4D4B-8C37-945B62D5A02D}.Release|Any CPU.ActiveCfg = Release|Any CPU
		{3F013F27-059B-4D4B-8C37-945B62D5A02D}.Release|Any CPU.Build.0 = Release|Any CPU
		{B3370E49-A791-42A0-9143-B00B02DBE067}.Debug|Any CPU.ActiveCfg = Debug|Any CPU
		{B3370E49-A791-42A0-9143-B00B02DBE067}.Debug|Any CPU.Build.0 = Debug|Any CPU
		{B3370E49-A791-42A0-9143-B00B02DBE067}.Release|Any CPU.ActiveCfg = Release|Any CPU
		{B3370E49-A791-42A0-9143-B00B02DBE067}.Release|Any CPU.Build.0 = Release|Any CPU
		{044DE341-433F-5702-4D82-2BB3FD3832E3}.Debug|Any CPU.ActiveCfg = Debug|Any CPU
		{044DE341-433F-5702-4D82-2BB3FD3832E3}.Debug|Any CPU.Build.0 = Debug|Any CPU
		{044DE341-433F-5702-4D82-2BB3FD3832E3}.Release|Any CPU.ActiveCfg = Release|Any CPU
		{044DE341-433F-5702-4D82-2BB3FD3832E3}.Release|Any CPU.Build.0 = Release|Any CPU
		{15ADFCBE-9B56-7B0A-7AE5-771D29B1F4C9}.Debug|Any CPU.ActiveCfg = Debug|Any CPU
		{15ADFCBE-9B56-7B0A-7AE5-771D29B1F4C9}.Debug|Any CPU.Build.0 = Debug|Any CPU
		{15ADFCBE-9B56-7B0A-7AE5-771D29B1F4C9}.Release|Any CPU.ActiveCfg = Release|Any CPU
		{15ADFCBE-9B56-7B0A-7AE5-771D29B1F4C9}.Release|Any CPU.Build.0 = Release|Any CPU
		{FEBF851F-917B-C45E-D2B8-7873FE9FDB40}.Debug|Any CPU.ActiveCfg = Debug|Any CPU
		{FEBF851F-917B-C45E-D2B8-7873FE9FDB40}.Debug|Any CPU.Build.0 = Debug|Any CPU
		{FEBF851F-917B-C45E-D2B8-7873FE9FDB40}.Release|Any CPU.ActiveCfg = Release|Any CPU
		{FEBF851F-917B-C45E-D2B8-7873FE9FDB40}.Release|Any CPU.Build.0 = Release|Any CPU
		{92C92FD4-253A-352A-CA1D-8ACA5E5F3868}.Debug|Any CPU.ActiveCfg = Debug|Any CPU
		{92C92FD4-253A-352A-CA1D-8ACA5E5F3868}.Debug|Any CPU.Build.0 = Debug|Any CPU
		{92C92FD4-253A-352A-CA1D-8ACA5E5F3868}.Release|Any CPU.ActiveCfg = Release|Any CPU
		{92C92FD4-253A-352A-CA1D-8ACA5E5F3868}.Release|Any CPU.Build.0 = Release|Any CPU
		{FABC0CC8-7E79-3D9B-8D56-17C4207BB104}.Debug|Any CPU.ActiveCfg = Debug|Any CPU
		{FABC0CC8-7E79-3D9B-8D56-17C4207BB104}.Debug|Any CPU.Build.0 = Debug|Any CPU
		{FABC0CC8-7E79-3D9B-8D56-17C4207BB104}.Release|Any CPU.ActiveCfg = Release|Any CPU
		{FABC0CC8-7E79-3D9B-8D56-17C4207BB104}.Release|Any CPU.Build.0 = Release|Any CPU
		{FD85E73E-F4B2-4FC9-AC68-688320DA0FBE}.Debug|Any CPU.ActiveCfg = Debug|Any CPU
		{FD85E73E-F4B2-4FC9-AC68-688320DA0FBE}.Debug|Any CPU.Build.0 = Debug|Any CPU
		{FD85E73E-F4B2-4FC9-AC68-688320DA0FBE}.Release|Any CPU.ActiveCfg = Release|Any CPU
		{FD85E73E-F4B2-4FC9-AC68-688320DA0FBE}.Release|Any CPU.Build.0 = Release|Any CPU
		{023F5DDF-D9C9-4CD2-BB45-724B7704CCE9}.Debug|Any CPU.ActiveCfg = Debug|Any CPU
		{023F5DDF-D9C9-4CD2-BB45-724B7704CCE9}.Debug|Any CPU.Build.0 = Debug|Any CPU
		{023F5DDF-D9C9-4CD2-BB45-724B7704CCE9}.Release|Any CPU.ActiveCfg = Release|Any CPU
		{023F5DDF-D9C9-4CD2-BB45-724B7704CCE9}.Release|Any CPU.Build.0 = Release|Any CPU
		{6E56D343-607E-4972-ACA8-408994F3AA5D}.Debug|Any CPU.ActiveCfg = Debug|Any CPU
		{6E56D343-607E-4972-ACA8-408994F3AA5D}.Debug|Any CPU.Build.0 = Debug|Any CPU
		{6E56D343-607E-4972-ACA8-408994F3AA5D}.Release|Any CPU.ActiveCfg = Release|Any CPU
		{6E56D343-607E-4972-ACA8-408994F3AA5D}.Release|Any CPU.Build.0 = Release|Any CPU
		{853A22B8-9383-4088-B598-773B90428B63}.Debug|Any CPU.ActiveCfg = Debug|Any CPU
		{853A22B8-9383-4088-B598-773B90428B63}.Debug|Any CPU.Build.0 = Debug|Any CPU
		{853A22B8-9383-4088-B598-773B90428B63}.Release|Any CPU.ActiveCfg = Release|Any CPU
		{853A22B8-9383-4088-B598-773B90428B63}.Release|Any CPU.Build.0 = Release|Any CPU
		{9FC5DEE5-2FF0-4C3D-8DCA-B50CB8C92022}.Debug|Any CPU.ActiveCfg = Debug|Any CPU
		{9FC5DEE5-2FF0-4C3D-8DCA-B50CB8C92022}.Debug|Any CPU.Build.0 = Debug|Any CPU
		{9FC5DEE5-2FF0-4C3D-8DCA-B50CB8C92022}.Release|Any CPU.ActiveCfg = Release|Any CPU
		{9FC5DEE5-2FF0-4C3D-8DCA-B50CB8C92022}.Release|Any CPU.Build.0 = Release|Any CPU
		{DE7663AC-F8F4-42CD-99E5-27C0A14C4AFA}.Debug|Any CPU.ActiveCfg = Debug|Any CPU
		{DE7663AC-F8F4-42CD-99E5-27C0A14C4AFA}.Debug|Any CPU.Build.0 = Debug|Any CPU
		{DE7663AC-F8F4-42CD-99E5-27C0A14C4AFA}.Release|Any CPU.ActiveCfg = Release|Any CPU
		{DE7663AC-F8F4-42CD-99E5-27C0A14C4AFA}.Release|Any CPU.Build.0 = Release|Any CPU
		{60A9FBFE-0731-4218-86F1-4B35EA166853}.Debug|Any CPU.ActiveCfg = Debug|Any CPU
		{60A9FBFE-0731-4218-86F1-4B35EA166853}.Debug|Any CPU.Build.0 = Debug|Any CPU
		{60A9FBFE-0731-4218-86F1-4B35EA166853}.Release|Any CPU.ActiveCfg = Release|Any CPU
		{60A9FBFE-0731-4218-86F1-4B35EA166853}.Release|Any CPU.Build.0 = Release|Any CPU
		{AC78D17E-0894-424E-B31B-55F110EB68BE}.Debug|Any CPU.ActiveCfg = Debug|Any CPU
		{AC78D17E-0894-424E-B31B-55F110EB68BE}.Debug|Any CPU.Build.0 = Debug|Any CPU
		{AC78D17E-0894-424E-B31B-55F110EB68BE}.Release|Any CPU.ActiveCfg = Release|Any CPU
		{AC78D17E-0894-424E-B31B-55F110EB68BE}.Release|Any CPU.Build.0 = Release|Any CPU
		{0BB9F96B-CA3D-434C-ACAD-23ADA3224C7B}.Debug|Any CPU.ActiveCfg = Debug|Any CPU
		{0BB9F96B-CA3D-434C-ACAD-23ADA3224C7B}.Debug|Any CPU.Build.0 = Debug|Any CPU
		{0BB9F96B-CA3D-434C-ACAD-23ADA3224C7B}.Release|Any CPU.ActiveCfg = Release|Any CPU
		{0BB9F96B-CA3D-434C-ACAD-23ADA3224C7B}.Release|Any CPU.Build.0 = Release|Any CPU
	EndGlobalSection
	GlobalSection(SolutionProperties) = preSolution
		HideSolutionNode = FALSE
	EndGlobalSection
	GlobalSection(NestedProjects) = preSolution
		{044DE341-433F-5702-4D82-2BB3FD3832E3} = {02EA681E-C7D8-13C7-8484-4AC65E1B71E8}
		{15ADFCBE-9B56-7B0A-7AE5-771D29B1F4C9} = {02EA681E-C7D8-13C7-8484-4AC65E1B71E8}
		{FEBF851F-917B-C45E-D2B8-7873FE9FDB40} = {02EA681E-C7D8-13C7-8484-4AC65E1B71E8}
		{92C92FD4-253A-352A-CA1D-8ACA5E5F3868} = {02EA681E-C7D8-13C7-8484-4AC65E1B71E8}
		{FABC0CC8-7E79-3D9B-8D56-17C4207BB104} = {02EA681E-C7D8-13C7-8484-4AC65E1B71E8}
		{FD85E73E-F4B2-4FC9-AC68-688320DA0FBE} = {02EA681E-C7D8-13C7-8484-4AC65E1B71E8}
		{023F5DDF-D9C9-4CD2-BB45-724B7704CCE9} = {7E7C32F4-96B3-4FB0-B06A-9D83F7170EF4}
		{6E56D343-607E-4972-ACA8-408994F3AA5D} = {7E7C32F4-96B3-4FB0-B06A-9D83F7170EF4}
		{853A22B8-9383-4088-B598-773B90428B63} = {7E7C32F4-96B3-4FB0-B06A-9D83F7170EF4}
		{9FC5DEE5-2FF0-4C3D-8DCA-B50CB8C92022} = {7E7C32F4-96B3-4FB0-B06A-9D83F7170EF4}
		{DE7663AC-F8F4-42CD-99E5-27C0A14C4AFA} = {7E7C32F4-96B3-4FB0-B06A-9D83F7170EF4}
		{60A9FBFE-0731-4218-86F1-4B35EA166853} = {B54D4669-48F4-4F73-B8BB-3710578E2076}
		{AC78D17E-0894-424E-B31B-55F110EB68BE} = {B54D4669-48F4-4F73-B8BB-3710578E2076}
		{0BB9F96B-CA3D-434C-ACAD-23ADA3224C7B} = {B54D4669-48F4-4F73-B8BB-3710578E2076}
	EndGlobalSection
	GlobalSection(ExtensibilityGlobals) = postSolution
		SolutionGuid = {AF589B68-B49E-40ED-9358-7BF93C3AB41B}
	EndGlobalSection
EndGlobal
